
Microsoft Visual Studio Solution File, Format Version 11.00
# Visual Studio 2010
Project("{FAE04EC0-301F-11D3-BF4B-00C04F79EFBC}") = "TEGA-Android", "TEGA-Android\TEGA-Android.csproj", "{F4462838-17F3-40D6-89A2-865556A097C3}"
EndProject
Project("{FAE04EC0-301F-11D3-BF4B-00C04F79EFBC}") = "TEGA-Core", "TEGA-Core\TEGA-Core.csproj", "{CA4D622B-390F-4C77-A4CD-2FCE3C550B67}"
EndProject
Global
	GlobalSection(SolutionConfigurationPlatforms) = preSolution
		Debug|Any CPU = Debug|Any CPU
		Release|Any CPU = Release|Any CPU
	EndGlobalSection
	GlobalSection(ProjectConfigurationPlatforms) = postSolution
		{CA4D622B-390F-4C77-A4CD-2FCE3C550B67}.Debug|Any CPU.ActiveCfg = Debug|Any CPU
		{CA4D622B-390F-4C77-A4CD-2FCE3C550B67}.Debug|Any CPU.Build.0 = Debug|Any CPU
		{CA4D622B-390F-4C77-A4CD-2FCE3C550B67}.Release|Any CPU.ActiveCfg = Release|Any CPU
		{CA4D622B-390F-4C77-A4CD-2FCE3C550B67}.Release|Any CPU.Build.0 = Release|Any CPU
		{F4462838-17F3-40D6-89A2-865556A097C3}.Debug|Any CPU.ActiveCfg = Debug|Any CPU
		{F4462838-17F3-40D6-89A2-865556A097C3}.Debug|Any CPU.Build.0 = Debug|Any CPU
		{F4462838-17F3-40D6-89A2-865556A097C3}.Release|Any CPU.ActiveCfg = Release|Any CPU
		{F4462838-17F3-40D6-89A2-865556A097C3}.Release|Any CPU.Build.0 = Release|Any CPU
	EndGlobalSection
	GlobalSection(MonoDevelopProperties) = preSolution
		StartupItem = TEGA-Android\TEGA-Android.csproj
	EndGlobalSection
EndGlobal
